{
  "meteor": {},
  "dependencies": {
    "basePackages": {
      "modernizr-meteor": {}
    },
    "packages": {
      "modernizr-meteor": {
        "git": "https://github.com/ckir/modernizr-meteor.git",
        "tag": "v2.6.2",
        "commit": "391ca2a3beff3cd2b0e1099cb2d744b5a2e8a73e"
      }
    }
  }
}
